
Microsoft Visual Studio Solution File, Format Version 12.00
# Visual Studio Version 17
VisualStudioVersion = 17.0.32002.185
MinimumVisualStudioVersion = 10.0.40219.1
Project("{FAE04EC0-301F-11D3-BF4B-00C04F79EFBC}") = "ExercicioFixaçãoImprimir", "ExercicioFixaçãoImprimir.csproj", "{616101EC-EA6B-4191-ACFC-D51A634FA423}"
EndProject
Global
	GlobalSection(SolutionConfigurationPlatforms) = preSolution
		Debug|Any CPU = Debug|Any CPU
		Release|Any CPU = Release|Any CPU
	EndGlobalSection
	GlobalSection(ProjectConfigurationPlatforms) = postSolution
		{616101EC-EA6B-4191-ACFC-D51A634FA423}.Debug|Any CPU.ActiveCfg = Debug|Any CPU
		{616101EC-EA6B-4191-ACFC-D51A634FA423}.Debug|Any CPU.Build.0 = Debug|Any CPU
		{616101EC-EA6B-4191-ACFC-D51A634FA423}.Release|Any CPU.ActiveCfg = Release|Any CPU
		{616101EC-EA6B-4191-ACFC-D51A634FA423}.Release|Any CPU.Build.0 = Release|Any CPU
	EndGlobalSection
	GlobalSection(SolutionProperties) = preSolution
		HideSolutionNode = FALSE
	EndGlobalSection
	GlobalSection(ExtensibilityGlobals) = postSolution
		SolutionGuid = {9116567F-AAD5-4D48-84C1-210AB2F04CFD}
	EndGlobalSection
EndGlobal
